
Microsoft Visual Studio Solution File, Format Version 12.00
# Visual Studio 2013
VisualStudioVersion = 12.0.21005.1
MinimumVisualStudioVersion = 10.0.40219.1
Project("{FAE04EC0-301F-11D3-BF4B-00C04F79EFBC}") = "B9_EFCodeFirst", "B9_EFCodeFirst\B9_EFCodeFirst.csproj", "{5267591A-0024-4BE5-8AA0-73155E75AC4D}"
EndProject
Global
	GlobalSection(SolutionConfigurationPlatforms) = preSolution
		Debug|Any CPU = Debug|Any CPU
		Release|Any CPU = Release|Any CPU
	EndGlobalSection
	GlobalSection(ProjectConfigurationPlatforms) = postSolution
		{5267591A-0024-4BE5-8AA0-73155E75AC4D}.Debug|Any CPU.ActiveCfg = Debug|Any CPU
		{5267591A-0024-4BE5-8AA0-73155E75AC4D}.Debug|Any CPU.Build.0 = Debug|Any CPU
		{5267591A-0024-4BE5-8AA0-73155E75AC4D}.Release|Any CPU.ActiveCfg = Release|Any CPU
		{5267591A-0024-4BE5-8AA0-73155E75AC4D}.Release|Any CPU.Build.0 = Release|Any CPU
	EndGlobalSection
	GlobalSection(SolutionProperties) = preSolution
		HideSolutionNode = FALSE
	EndGlobalSection
EndGlobal
